
Microsoft Visual Studio Solution File, Format Version 12.00
Project("{2150E333-8FDC-42A3-9474-1A3956D46DE8}") = "Auth", "Auth", "{29E25DB4-FC4A-40A5-A1CF-B2E3D512056A}"
EndProject
Project("{2150E333-8FDC-42A3-9474-1A3956D46DE8}") = "Members", "Members", "{74B39BD4-3C8F-44FA-B49F-50748F1F7B6E}"
EndProject
Project("{2150E333-8FDC-42A3-9474-1A3956D46DE8}") = "Employees", "Employees", "{9F31E0E1-3D9E-4A98-900C-D4B0B6DCC319}"
EndProject
Project("{2150E333-8FDC-42A3-9474-1A3956D46DE8}") = "Memberships", "Memberships", "{76FDED85-DB12-4942-B90A-219E5058F49A}"
EndProject
Project("{FAE04EC0-301F-11D3-BF4B-00C04F79EFBC}") = "auth.Api", "auth.Api\auth.Api.csproj", "{C9904D7C-1952-4541-A96E-213EBFF30AD5}"
EndProject
Project("{FAE04EC0-301F-11D3-BF4B-00C04F79EFBC}") = "auth.Core", "auth.Core\auth.Core.csproj", "{73E3AA5F-2D09-45FA-9A7C-514CCAA3B68D}"
EndProject
Project("{FAE04EC0-301F-11D3-BF4B-00C04F79EFBC}") = "api.Data", "api.Data\api.Data.csproj", "{C68CD4C3-71FF-4D7F-81A8-728EF8ADE03E}"
EndProject
Project("{FAE04EC0-301F-11D3-BF4B-00C04F79EFBC}") = "api.Helpers", "api.Helpers\api.Helpers.csproj", "{4BA31DBA-142F-4706-A164-3498B359368D}"
EndProject
Project("{FAE04EC0-301F-11D3-BF4B-00C04F79EFBC}") = "api.Models", "api.Models\api.Models.csproj", "{1D6CB9EA-C44D-4AB5-88F5-EDC0F6D3A4FA}"
EndProject
Global
	GlobalSection(SolutionConfigurationPlatforms) = preSolution
		Debug|Any CPU = Debug|Any CPU
		Release|Any CPU = Release|Any CPU
	EndGlobalSection
	GlobalSection(ProjectConfigurationPlatforms) = postSolution
		{C9904D7C-1952-4541-A96E-213EBFF30AD5}.Debug|Any CPU.ActiveCfg = Debug|Any CPU
		{C9904D7C-1952-4541-A96E-213EBFF30AD5}.Debug|Any CPU.Build.0 = Debug|Any CPU
		{C9904D7C-1952-4541-A96E-213EBFF30AD5}.Release|Any CPU.ActiveCfg = Release|Any CPU
		{C9904D7C-1952-4541-A96E-213EBFF30AD5}.Release|Any CPU.Build.0 = Release|Any CPU
		{73E3AA5F-2D09-45FA-9A7C-514CCAA3B68D}.Debug|Any CPU.ActiveCfg = Debug|Any CPU
		{73E3AA5F-2D09-45FA-9A7C-514CCAA3B68D}.Debug|Any CPU.Build.0 = Debug|Any CPU
		{73E3AA5F-2D09-45FA-9A7C-514CCAA3B68D}.Release|Any CPU.ActiveCfg = Release|Any CPU
		{73E3AA5F-2D09-45FA-9A7C-514CCAA3B68D}.Release|Any CPU.Build.0 = Release|Any CPU
		{C68CD4C3-71FF-4D7F-81A8-728EF8ADE03E}.Debug|Any CPU.ActiveCfg = Debug|Any CPU
		{C68CD4C3-71FF-4D7F-81A8-728EF8ADE03E}.Debug|Any CPU.Build.0 = Debug|Any CPU
		{C68CD4C3-71FF-4D7F-81A8-728EF8ADE03E}.Release|Any CPU.ActiveCfg = Release|Any CPU
		{C68CD4C3-71FF-4D7F-81A8-728EF8ADE03E}.Release|Any CPU.Build.0 = Release|Any CPU
		{4BA31DBA-142F-4706-A164-3498B359368D}.Debug|Any CPU.ActiveCfg = Debug|Any CPU
		{4BA31DBA-142F-4706-A164-3498B359368D}.Debug|Any CPU.Build.0 = Debug|Any CPU
		{4BA31DBA-142F-4706-A164-3498B359368D}.Release|Any CPU.ActiveCfg = Release|Any CPU
		{4BA31DBA-142F-4706-A164-3498B359368D}.Release|Any CPU.Build.0 = Release|Any CPU
		{1D6CB9EA-C44D-4AB5-88F5-EDC0F6D3A4FA}.Debug|Any CPU.ActiveCfg = Debug|Any CPU
		{1D6CB9EA-C44D-4AB5-88F5-EDC0F6D3A4FA}.Debug|Any CPU.Build.0 = Debug|Any CPU
		{1D6CB9EA-C44D-4AB5-88F5-EDC0F6D3A4FA}.Release|Any CPU.ActiveCfg = Release|Any CPU
		{1D6CB9EA-C44D-4AB5-88F5-EDC0F6D3A4FA}.Release|Any CPU.Build.0 = Release|Any CPU
	EndGlobalSection
	GlobalSection(NestedProjects) = preSolution
		{C9904D7C-1952-4541-A96E-213EBFF30AD5} = {29E25DB4-FC4A-40A5-A1CF-B2E3D512056A}
		{73E3AA5F-2D09-45FA-9A7C-514CCAA3B68D} = {29E25DB4-FC4A-40A5-A1CF-B2E3D512056A}
		{C68CD4C3-71FF-4D7F-81A8-728EF8ADE03E} = {29E25DB4-FC4A-40A5-A1CF-B2E3D512056A}
		{4BA31DBA-142F-4706-A164-3498B359368D} = {29E25DB4-FC4A-40A5-A1CF-B2E3D512056A}
		{1D6CB9EA-C44D-4AB5-88F5-EDC0F6D3A4FA} = {29E25DB4-FC4A-40A5-A1CF-B2E3D512056A}
	EndGlobalSection
EndGlobal
